
Microsoft Visual Studio Solution File, Format Version 12.00
# Visual Studio Version 17
VisualStudioVersion = 17.7.34024.191
MinimumVisualStudioVersion = 10.0.40219.1
Project("{8BC9CEB8-8B4A-11D0-8D11-00A0C91BC942}") = "HT1", "HT1.vcxproj", "{2C0B9614-DB59-4A3C-9FDD-610FAE9F757D}"
EndProject
Project("{8BC9CEB8-8B4A-11D0-8D11-00A0C91BC942}") = "HT2", "..\HT2\HT2.vcxproj", "{D79B150F-8E57-4BA6-A6EB-834E1854C77A}"
EndProject
Global
	GlobalSection(SolutionConfigurationPlatforms) = preSolution
		Debug|x64 = Debug|x64
		Debug|x86 = Debug|x86
		Release|x64 = Release|x64
		Release|x86 = Release|x86
	EndGlobalSection
	GlobalSection(ProjectConfigurationPlatforms) = postSolution
		{2C0B9614-DB59-4A3C-9FDD-610FAE9F757D}.Debug|x64.ActiveCfg = Debug|x64
		{2C0B9614-DB59-4A3C-9FDD-610FAE9F757D}.Debug|x64.Build.0 = Debug|x64
		{2C0B9614-DB59-4A3C-9FDD-610FAE9F757D}.Debug|x86.ActiveCfg = Debug|Win32
		{2C0B9614-DB59-4A3C-9FDD-610FAE9F757D}.Debug|x86.Build.0 = Debug|Win32
		{2C0B9614-DB59-4A3C-9FDD-610FAE9F757D}.Release|x64.ActiveCfg = Release|x64
		{2C0B9614-DB59-4A3C-9FDD-610FAE9F757D}.Release|x64.Build.0 = Release|x64
		{2C0B9614-DB59-4A3C-9FDD-610FAE9F757D}.Release|x86.ActiveCfg = Release|Win32
		{2C0B9614-DB59-4A3C-9FDD-610FAE9F757D}.Release|x86.Build.0 = Release|Win32
		{D79B150F-8E57-4BA6-A6EB-834E1854C77A}.Debug|x64.ActiveCfg = Debug|x64
		{D79B150F-8E57-4BA6-A6EB-834E1854C77A}.Debug|x64.Build.0 = Debug|x64
		{D79B150F-8E57-4BA6-A6EB-834E1854C77A}.Debug|x86.ActiveCfg = Debug|Win32
		{D79B150F-8E57-4BA6-A6EB-834E1854C77A}.Debug|x86.Build.0 = Debug|Win32
		{D79B150F-8E57-4BA6-A6EB-834E1854C77A}.Release|x64.ActiveCfg = Release|x64
		{D79B150F-8E57-4BA6-A6EB-834E1854C77A}.Release|x64.Build.0 = Release|x64
		{D79B150F-8E57-4BA6-A6EB-834E1854C77A}.Release|x86.ActiveCfg = Release|Win32
		{D79B150F-8E57-4BA6-A6EB-834E1854C77A}.Release|x86.Build.0 = Release|Win32
	EndGlobalSection
	GlobalSection(SolutionProperties) = preSolution
		HideSolutionNode = FALSE
	EndGlobalSection
	GlobalSection(ExtensibilityGlobals) = postSolution
		SolutionGuid = {137A8FBE-C6A2-44CF-A1DA-9BC6C9741E17}
	EndGlobalSection
EndGlobal
