
Microsoft Visual Studio Solution File, Format Version 12.00
# Visual Studio Version 17
VisualStudioVersion = 17.7.34024.191
MinimumVisualStudioVersion = 10.0.40219.1
Project("{8BC9CEB8-8B4A-11D0-8D11-00A0C91BC942}") = "HT2", "HT1.vcxproj", "{A50DD3DB-3783-4BB6-9EC6-328930731331}"
EndProject
Project("{8BC9CEB8-8B4A-11D0-8D11-00A0C91BC942}") = "HT3", "..\HT3\HT3.vcxproj", "{B265EDD5-C758-43D9-9789-FD742A0F4F86}"
EndProject
Global
	GlobalSection(SolutionConfigurationPlatforms) = preSolution
		Debug|x64 = Debug|x64
		Debug|x86 = Debug|x86
		Release|x64 = Release|x64
		Release|x86 = Release|x86
	EndGlobalSection
	GlobalSection(ProjectConfigurationPlatforms) = postSolution
		{A50DD3DB-3783-4BB6-9EC6-328930731331}.Debug|x64.ActiveCfg = Debug|x64
		{A50DD3DB-3783-4BB6-9EC6-328930731331}.Debug|x64.Build.0 = Debug|x64
		{A50DD3DB-3783-4BB6-9EC6-328930731331}.Debug|x86.ActiveCfg = Debug|Win32
		{A50DD3DB-3783-4BB6-9EC6-328930731331}.Debug|x86.Build.0 = Debug|Win32
		{A50DD3DB-3783-4BB6-9EC6-328930731331}.Release|x64.ActiveCfg = Release|x64
		{A50DD3DB-3783-4BB6-9EC6-328930731331}.Release|x64.Build.0 = Release|x64
		{A50DD3DB-3783-4BB6-9EC6-328930731331}.Release|x86.ActiveCfg = Release|Win32
		{A50DD3DB-3783-4BB6-9EC6-328930731331}.Release|x86.Build.0 = Release|Win32
		{B265EDD5-C758-43D9-9789-FD742A0F4F86}.Debug|x64.ActiveCfg = Debug|x64
		{B265EDD5-C758-43D9-9789-FD742A0F4F86}.Debug|x64.Build.0 = Debug|x64
		{B265EDD5-C758-43D9-9789-FD742A0F4F86}.Debug|x86.ActiveCfg = Debug|Win32
		{B265EDD5-C758-43D9-9789-FD742A0F4F86}.Debug|x86.Build.0 = Debug|Win32
		{B265EDD5-C758-43D9-9789-FD742A0F4F86}.Release|x64.ActiveCfg = Release|x64
		{B265EDD5-C758-43D9-9789-FD742A0F4F86}.Release|x64.Build.0 = Release|x64
		{B265EDD5-C758-43D9-9789-FD742A0F4F86}.Release|x86.ActiveCfg = Release|Win32
		{B265EDD5-C758-43D9-9789-FD742A0F4F86}.Release|x86.Build.0 = Release|Win32
	EndGlobalSection
	GlobalSection(SolutionProperties) = preSolution
		HideSolutionNode = FALSE
	EndGlobalSection
	GlobalSection(ExtensibilityGlobals) = postSolution
		SolutionGuid = {C4491C49-DA7C-4872-B137-EEE326D59D0E}
	EndGlobalSection
EndGlobal
